
Microsoft Visual Studio Solution File, Format Version 12.00
# Visual Studio 15
VisualStudioVersion = 15.0.28307.1433
MinimumVisualStudioVersion = 10.0.40219.1
Project("{FAE04EC0-301F-11D3-BF4B-00C04F79EFBC}") = "Prueba Proyecto", "Prueba Proyecto\Prueba Proyecto.csproj", "{00A2DB0C-8613-4E5E-ADF4-0564B368C56F}"
EndProject
Global
	GlobalSection(SolutionConfigurationPlatforms) = preSolution
		Debug|Any CPU = Debug|Any CPU
		Release|Any CPU = Release|Any CPU
	EndGlobalSection
	GlobalSection(ProjectConfigurationPlatforms) = postSolution
		{00A2DB0C-8613-4E5E-ADF4-0564B368C56F}.Debug|Any CPU.ActiveCfg = Debug|Any CPU
		{00A2DB0C-8613-4E5E-ADF4-0564B368C56F}.Debug|Any CPU.Build.0 = Debug|Any CPU
		{00A2DB0C-8613-4E5E-ADF4-0564B368C56F}.Release|Any CPU.ActiveCfg = Release|Any CPU
		{00A2DB0C-8613-4E5E-ADF4-0564B368C56F}.Release|Any CPU.Build.0 = Release|Any CPU
	EndGlobalSection
	GlobalSection(SolutionProperties) = preSolution
		HideSolutionNode = FALSE
	EndGlobalSection
	GlobalSection(ExtensibilityGlobals) = postSolution
		SolutionGuid = {D3FF8639-B25C-4293-85DE-7C34226BD52F}
	EndGlobalSection
EndGlobal
